{
    "_readme": [
        "This file locks the dependencies of your project to a known state",
        "Read more about it at https://getcomposer.org/doc/01-basic-usage.md#installing-dependencies",
        "This file is @generated automatically"
    ],
    "content-hash": "e0d3beb76b19fa4e482fe2071032729a",
    "packages": [
        {
            "name": "alquerci/test-composer-package-rename",
            "version": "v0.3.1",
            "source": {
                "type": "git",
                "url": "https://github.com/alquerci/test-composer-package-rename-one.git",
                "reference": "3a3d57f17a0c94396b73b6014d5caea7f8217803"
            },
            "dist": {
                "type": "zip",
                "url": "https://api.github.com/repos/alquerci/test-composer-package-rename-one/zipball/3a3d57f17a0c94396b73b6014d5caea7f8217803",
                "reference": "3a3d57f17a0c94396b73b6014d5caea7f8217803",
                "shasum": ""
            },
            "type": "library",
            "extra": {
                "branch-alias": {
                    "dev-master": "0.3-dev"
                }
            },
            "notification-url": "https://packagist.org/downloads/",
            "license": [
                "MIT"
            ],
            "authors": [
                {
                    "name": "Alexandre Quercia",
                    "email": "alquerci@email.com"
                }
            ],
            "description": "Test rename package",
            "abandoned": "alquerci/test-composer-package-rename-one",
            "time": "2018-11-06T01:00:02+00:00"
        }
    ],
    "packages-dev": [],
    "aliases": [],
    "minimum-stability": "stable",
    "stability-flags": [],
    "prefer-stable": false,
    "prefer-lowest": false,
    "platform": [],
    "platform-dev": []
}
